
Microsoft Visual Studio Solution File, Format Version 12.00
# Visual Studio Version 16
VisualStudioVersion = 16.0.34031.81
MinimumVisualStudioVersion = 10.0.40219.1
Project("{FAE04EC0-301F-11D3-BF4B-00C04F79EFBC}") = "Graph", "Graph\Graph.csproj", "{CAAB7072-9429-45E3-9E80-BC08BC1B853D}"
EndProject
Global
	GlobalSection(SolutionConfigurationPlatforms) = preSolution
		Debug|Any CPU = Debug|Any CPU
		Release|Any CPU = Release|Any CPU
	EndGlobalSection
	GlobalSection(ProjectConfigurationPlatforms) = postSolution
		{CAAB7072-9429-45E3-9E80-BC08BC1B853D}.Debug|Any CPU.ActiveCfg = Debug|Any CPU
		{CAAB7072-9429-45E3-9E80-BC08BC1B853D}.Debug|Any CPU.Build.0 = Debug|Any CPU
		{CAAB7072-9429-45E3-9E80-BC08BC1B853D}.Release|Any CPU.ActiveCfg = Release|Any CPU
		{CAAB7072-9429-45E3-9E80-BC08BC1B853D}.Release|Any CPU.Build.0 = Release|Any CPU
	EndGlobalSection
	GlobalSection(SolutionProperties) = preSolution
		HideSolutionNode = FALSE
	EndGlobalSection
	GlobalSection(ExtensibilityGlobals) = postSolution
		SolutionGuid = {BDF218DF-79B2-4AD7-9572-7744FE6A4AE3}
	EndGlobalSection
EndGlobal
